
Microsoft Visual Studio Solution File, Format Version 12.00
# Visual Studio Version 16
VisualStudioVersion = 25.0.1706.4
MinimumVisualStudioVersion = 10.0.40219.1
Project("{FAE04EC0-301F-11D3-BF4B-00C04F79EFBC}") = "MicroLoanAPI", "MicroLoanAPI\MicroLoanAPI.csproj", "{31A05D1A-9042-4B8E-9CDF-41D063E11F95}"
EndProject
Project("{FAE04EC0-301F-11D3-BF4B-00C04F79EFBC}") = "DataService", "DataService\DataService.csproj", "{D03C6205-AB76-4A4E-B46C-AC65C2B22CAD}"
EndProject
Global
	GlobalSection(SolutionConfigurationPlatforms) = preSolution
		Debug|Any CPU = Debug|Any CPU
		Release|Any CPU = Release|Any CPU
	EndGlobalSection
	GlobalSection(ProjectConfigurationPlatforms) = postSolution
		{31A05D1A-9042-4B8E-9CDF-41D063E11F95}.Debug|Any CPU.ActiveCfg = Debug|Any CPU
		{31A05D1A-9042-4B8E-9CDF-41D063E11F95}.Debug|Any CPU.Build.0 = Debug|Any CPU
		{31A05D1A-9042-4B8E-9CDF-41D063E11F95}.Release|Any CPU.ActiveCfg = Release|Any CPU
		{31A05D1A-9042-4B8E-9CDF-41D063E11F95}.Release|Any CPU.Build.0 = Release|Any CPU
		{D03C6205-AB76-4A4E-B46C-AC65C2B22CAD}.Debug|Any CPU.ActiveCfg = Debug|Any CPU
		{D03C6205-AB76-4A4E-B46C-AC65C2B22CAD}.Debug|Any CPU.Build.0 = Debug|Any CPU
		{D03C6205-AB76-4A4E-B46C-AC65C2B22CAD}.Release|Any CPU.ActiveCfg = Release|Any CPU
		{D03C6205-AB76-4A4E-B46C-AC65C2B22CAD}.Release|Any CPU.Build.0 = Release|Any CPU
	EndGlobalSection
	GlobalSection(SolutionProperties) = preSolution
		HideSolutionNode = FALSE
	EndGlobalSection
	GlobalSection(ExtensibilityGlobals) = postSolution
		SolutionGuid = {E1102DB0-FEE3-4080-8A67-807D8ADD1F59}
	EndGlobalSection
EndGlobal
